{
  "name": "renildo",
  "version": "1.0",
  "lockfileVersion": 2,
  "requires": true,
  "packages": {
    "": {
      "name": "renildo",
      "version": "1.0",
      "license": "ISC",
      "dependencies": {
        "yummacss": "^0.2.0"
      }
    },
    "node_modules/yummacss": {
      "version": "0.2.0",
      "resolved": "https://registry.npmjs.org/yummacss/-/yummacss-0.2.0.tgz",
      "integrity": "sha512-ho2H0vjVFiVKL/uAATZU4V3BvdFnt3t2TGs118MEjDAqjZkxHI4k9gQsBnpoMfiXAnpgzmOY2SSMrr6f2hUA5g=="
    }
  },
  "dependencies": {
    "yummacss": {
      "version": "0.2.0",
      "resolved": "https://registry.npmjs.org/yummacss/-/yummacss-0.2.0.tgz",
      "integrity": "sha512-ho2H0vjVFiVKL/uAATZU4V3BvdFnt3t2TGs118MEjDAqjZkxHI4k9gQsBnpoMfiXAnpgzmOY2SSMrr6f2hUA5g=="
    }
  }
}
